
Microsoft Visual Studio Solution File, Format Version 12.00
Project("{FAE04EC0-301F-11D3-BF4B-00C04F79EFBC}") = "DevArt.API", "DevArt.API\DevArt.API.csproj", "{B52F8849-6BB3-409A-8518-5958352001BB}"
EndProject
Project("{FAE04EC0-301F-11D3-BF4B-00C04F79EFBC}") = "DevArt.Core", "DevArt.Core\DevArt.Core.csproj", "{831FBDCB-7F31-4209-8B87-91D79E69BD42}"
EndProject
Project("{FAE04EC0-301F-11D3-BF4B-00C04F79EFBC}") = "DevArt.Helpers", "DevArt.Helpers\DevArt.Helpers.csproj", "{4227E6F8-B4A2-4423-B97E-9CE0A9638AFC}"
EndProject
Global
	GlobalSection(SolutionConfigurationPlatforms) = preSolution
		Debug|Any CPU = Debug|Any CPU
		Release|Any CPU = Release|Any CPU
	EndGlobalSection
	GlobalSection(ProjectConfigurationPlatforms) = postSolution
		{B52F8849-6BB3-409A-8518-5958352001BB}.Debug|Any CPU.ActiveCfg = Debug|Any CPU
		{B52F8849-6BB3-409A-8518-5958352001BB}.Debug|Any CPU.Build.0 = Debug|Any CPU
		{B52F8849-6BB3-409A-8518-5958352001BB}.Release|Any CPU.ActiveCfg = Release|Any CPU
		{B52F8849-6BB3-409A-8518-5958352001BB}.Release|Any CPU.Build.0 = Release|Any CPU
		{831FBDCB-7F31-4209-8B87-91D79E69BD42}.Debug|Any CPU.ActiveCfg = Debug|Any CPU
		{831FBDCB-7F31-4209-8B87-91D79E69BD42}.Debug|Any CPU.Build.0 = Debug|Any CPU
		{831FBDCB-7F31-4209-8B87-91D79E69BD42}.Release|Any CPU.ActiveCfg = Release|Any CPU
		{831FBDCB-7F31-4209-8B87-91D79E69BD42}.Release|Any CPU.Build.0 = Release|Any CPU
		{4227E6F8-B4A2-4423-B97E-9CE0A9638AFC}.Debug|Any CPU.ActiveCfg = Debug|Any CPU
		{4227E6F8-B4A2-4423-B97E-9CE0A9638AFC}.Debug|Any CPU.Build.0 = Debug|Any CPU
		{4227E6F8-B4A2-4423-B97E-9CE0A9638AFC}.Release|Any CPU.ActiveCfg = Release|Any CPU
		{4227E6F8-B4A2-4423-B97E-9CE0A9638AFC}.Release|Any CPU.Build.0 = Release|Any CPU
	EndGlobalSection
EndGlobal
